
Microsoft Visual Studio Solution File, Format Version 12.00
# Visual Studio Version 16
VisualStudioVersion = 16.0.31321.278
MinimumVisualStudioVersion = 10.0.40219.1
Project("{9A19103F-16F7-4668-BE54-9A1E7A4F7556}") = "OnlineBookLibraryClient", "OnlineBookLibraryClient\OnlineBookLibraryClient.csproj", "{42FAEFEC-D139-4096-931A-29CA1B5149E8}"
EndProject
Project("{9A19103F-16F7-4668-BE54-9A1E7A4F7556}") = "OnlineBookLibraryClient.Lib.Model", "OnlineBookLibraryClient.Lib.Model\OnlineBookLibraryClient.Lib.Model.csproj", "{8B292E74-66B2-4905-BCE7-EB8C0ABD8260}"
EndProject
Project("{9A19103F-16F7-4668-BE54-9A1E7A4F7556}") = "OnlineBookLibraryClient.Lib.Infrastructure", "OnlineBookLibraryClient.Lib.Infrastructure\OnlineBookLibraryClient.Lib.Infrastructure.csproj", "{C1FF318A-B100-49E3-8386-7D3143743435}"
EndProject
Project("{9A19103F-16F7-4668-BE54-9A1E7A4F7556}") = "OnlineBookLibrary.Lib.DTO", "OnlineBookLibrary.Lib.DTO\OnlineBookLibrary.Lib.DTO.csproj", "{BBFCE97E-42EF-4AE2-968B-BBE365D21C61}"
EndProject
Project("{9A19103F-16F7-4668-BE54-9A1E7A4F7556}") = "OnlineBookLibrary.Lib.Core", "OnlineBookLibrary.Lib.Core\OnlineBookLibrary.Lib.Core.csproj", "{B821AF21-83E6-4053-9FBA-53C8F44D95CB}"
EndProject
Project("{9A19103F-16F7-4668-BE54-9A1E7A4F7556}") = "OnlineBookLibrary.Lib.Common", "OnlineBookLibrary.Lib.Common\OnlineBookLibrary.Lib.Common.csproj", "{7C0AA61F-978C-4EC1-8195-C4024B6D2CBD}"
EndProject
Global
	GlobalSection(SolutionConfigurationPlatforms) = preSolution
		Debug|Any CPU = Debug|Any CPU
		Release|Any CPU = Release|Any CPU
	EndGlobalSection
	GlobalSection(ProjectConfigurationPlatforms) = postSolution
		{42FAEFEC-D139-4096-931A-29CA1B5149E8}.Debug|Any CPU.ActiveCfg = Debug|Any CPU
		{42FAEFEC-D139-4096-931A-29CA1B5149E8}.Debug|Any CPU.Build.0 = Debug|Any CPU
		{42FAEFEC-D139-4096-931A-29CA1B5149E8}.Release|Any CPU.ActiveCfg = Release|Any CPU
		{42FAEFEC-D139-4096-931A-29CA1B5149E8}.Release|Any CPU.Build.0 = Release|Any CPU
		{8B292E74-66B2-4905-BCE7-EB8C0ABD8260}.Debug|Any CPU.ActiveCfg = Debug|Any CPU
		{8B292E74-66B2-4905-BCE7-EB8C0ABD8260}.Debug|Any CPU.Build.0 = Debug|Any CPU
		{8B292E74-66B2-4905-BCE7-EB8C0ABD8260}.Release|Any CPU.ActiveCfg = Release|Any CPU
		{8B292E74-66B2-4905-BCE7-EB8C0ABD8260}.Release|Any CPU.Build.0 = Release|Any CPU
		{C1FF318A-B100-49E3-8386-7D3143743435}.Debug|Any CPU.ActiveCfg = Debug|Any CPU
		{C1FF318A-B100-49E3-8386-7D3143743435}.Debug|Any CPU.Build.0 = Debug|Any CPU
		{C1FF318A-B100-49E3-8386-7D3143743435}.Release|Any CPU.ActiveCfg = Release|Any CPU
		{C1FF318A-B100-49E3-8386-7D3143743435}.Release|Any CPU.Build.0 = Release|Any CPU
		{BBFCE97E-42EF-4AE2-968B-BBE365D21C61}.Debug|Any CPU.ActiveCfg = Debug|Any CPU
		{BBFCE97E-42EF-4AE2-968B-BBE365D21C61}.Debug|Any CPU.Build.0 = Debug|Any CPU
		{BBFCE97E-42EF-4AE2-968B-BBE365D21C61}.Release|Any CPU.ActiveCfg = Release|Any CPU
		{BBFCE97E-42EF-4AE2-968B-BBE365D21C61}.Release|Any CPU.Build.0 = Release|Any CPU
		{B821AF21-83E6-4053-9FBA-53C8F44D95CB}.Debug|Any CPU.ActiveCfg = Debug|Any CPU
		{B821AF21-83E6-4053-9FBA-53C8F44D95CB}.Debug|Any CPU.Build.0 = Debug|Any CPU
		{B821AF21-83E6-4053-9FBA-53C8F44D95CB}.Release|Any CPU.ActiveCfg = Release|Any CPU
		{B821AF21-83E6-4053-9FBA-53C8F44D95CB}.Release|Any CPU.Build.0 = Release|Any CPU
		{7C0AA61F-978C-4EC1-8195-C4024B6D2CBD}.Debug|Any CPU.ActiveCfg = Debug|Any CPU
		{7C0AA61F-978C-4EC1-8195-C4024B6D2CBD}.Debug|Any CPU.Build.0 = Debug|Any CPU
		{7C0AA61F-978C-4EC1-8195-C4024B6D2CBD}.Release|Any CPU.ActiveCfg = Release|Any CPU
		{7C0AA61F-978C-4EC1-8195-C4024B6D2CBD}.Release|Any CPU.Build.0 = Release|Any CPU
	EndGlobalSection
	GlobalSection(SolutionProperties) = preSolution
		HideSolutionNode = FALSE
	EndGlobalSection
	GlobalSection(ExtensibilityGlobals) = postSolution
		SolutionGuid = {63A31E23-5DFC-415D-9683-C07755DBFD74}
	EndGlobalSection
EndGlobal
